
Microsoft Visual Studio Solution File, Format Version 12.00
# Visual Studio 15
VisualStudioVersion = 15.0.26228.4
MinimumVisualStudioVersion = 10.0.40219.1
Project("{9A19103F-16F7-4668-BE54-9A1E7A4F7556}") = "LandonHotel", "LandonHotel\LandonHotel.csproj", "{5CB2DA5D-DA94-4B80-8D3A-7F753DE746BE}"
EndProject
Project("{FAE04EC0-301F-11D3-BF4B-00C04F79EFBC}") = "LandonHotel.Tests", "LandonHotel.Tests\LandonHotel.Tests.csproj", "{A4E6B1D1-2FA7-4510-9DD5-E1480E230D11}"
EndProject
Global
	GlobalSection(SolutionConfigurationPlatforms) = preSolution
		Debug|Any CPU = Debug|Any CPU
		Release|Any CPU = Release|Any CPU
	EndGlobalSection
	GlobalSection(ProjectConfigurationPlatforms) = postSolution
		{5CB2DA5D-DA94-4B80-8D3A-7F753DE746BE}.Debug|Any CPU.ActiveCfg = Debug|Any CPU
		{5CB2DA5D-DA94-4B80-8D3A-7F753DE746BE}.Debug|Any CPU.Build.0 = Debug|Any CPU
		{5CB2DA5D-DA94-4B80-8D3A-7F753DE746BE}.Release|Any CPU.ActiveCfg = Release|Any CPU
		{5CB2DA5D-DA94-4B80-8D3A-7F753DE746BE}.Release|Any CPU.Build.0 = Release|Any CPU
		{A4E6B1D1-2FA7-4510-9DD5-E1480E230D11}.Debug|Any CPU.ActiveCfg = Debug|Any CPU
		{A4E6B1D1-2FA7-4510-9DD5-E1480E230D11}.Debug|Any CPU.Build.0 = Debug|Any CPU
		{A4E6B1D1-2FA7-4510-9DD5-E1480E230D11}.Release|Any CPU.ActiveCfg = Release|Any CPU
		{A4E6B1D1-2FA7-4510-9DD5-E1480E230D11}.Release|Any CPU.Build.0 = Release|Any CPU
	EndGlobalSection
	GlobalSection(SolutionProperties) = preSolution
		HideSolutionNode = FALSE
	EndGlobalSection
	GlobalSection(ExtensibilityGlobals) = postSolution
		SolutionGuid = {5543264D-FCEF-469B-93DF-2E5CC373F763}
	EndGlobalSection
EndGlobal
